{
  "name": "@llmx/llmx",
  "version": "0.1.0",
  "lockfileVersion": 3,
  "requires": true,
  "packages": {
    "": {
      "name": "@llmx/llmx",
      "version": "0.1.0",
      "license": "Apache-2.0",
      "bin": {
        "llmx": "bin/llmx.js"
      },
      "engines": {
        "node": ">=16"
      }
    }
  }
}
